
Microsoft Visual Studio Solution File, Format Version 12.00
# Visual Studio Version 16
VisualStudioVersion = 16.0.31321.278
MinimumVisualStudioVersion = 10.0.40219.1
Project("{FAE04EC0-301F-11D3-BF4B-00C04F79EFBC}") = "SeleniumYandexMarketTests", "SeleniumYandexMarketTests.csproj", "{695641F2-5E73-4080-B477-09835FA5A987}"
EndProject
Global
	GlobalSection(SolutionConfigurationPlatforms) = preSolution
		Debug|Any CPU = Debug|Any CPU
		Release|Any CPU = Release|Any CPU
	EndGlobalSection
	GlobalSection(ProjectConfigurationPlatforms) = postSolution
		{695641F2-5E73-4080-B477-09835FA5A987}.Debug|Any CPU.ActiveCfg = Debug|Any CPU
		{695641F2-5E73-4080-B477-09835FA5A987}.Debug|Any CPU.Build.0 = Debug|Any CPU
		{695641F2-5E73-4080-B477-09835FA5A987}.Release|Any CPU.ActiveCfg = Release|Any CPU
		{695641F2-5E73-4080-B477-09835FA5A987}.Release|Any CPU.Build.0 = Release|Any CPU
	EndGlobalSection
	GlobalSection(SolutionProperties) = preSolution
		HideSolutionNode = FALSE
	EndGlobalSection
	GlobalSection(ExtensibilityGlobals) = postSolution
		SolutionGuid = {7FEA620A-AF2F-4C93-BE8F-CB8F3F725FC8}
	EndGlobalSection
EndGlobal
